
Microsoft Visual Studio Solution File, Format Version 12.00
# Visual Studio Version 17
VisualStudioVersion = 17.10.35122.118
MinimumVisualStudioVersion = 10.0.40219.1
Project("{8BC9CEB8-8B4A-11D0-8D11-00A0C91BC942}") = "DirectX11Rendering", "DirectX11Rendering\DirectX11Rendering.vcxproj", "{48DFCB10-19B5-428E-BCD5-A9FC9CBC19DE}"
EndProject
Project("{8BC9CEB8-8B4A-11D0-8D11-00A0C91BC942}") = "EngineCore", "EngineCore\EngineCore.vcxproj", "{71D68FED-590C-4C9F-9A12-D2EE29610A31}"
EndProject
Project("{8BC9CEB8-8B4A-11D0-8D11-00A0C91BC942}") = "DirectXTK_Desktop_2022", "DirectXTK\DirectXTK_Desktop_2022.vcxproj", "{E0B52AE7-E160-4D32-BF3F-910B785E5A8E}"
EndProject
Global
	GlobalSection(SolutionConfigurationPlatforms) = preSolution
		Debug|ARM64 = Debug|ARM64
		Debug|Gaming.Desktop.x64 = Debug|Gaming.Desktop.x64
		Debug|x64 = Debug|x64
		Debug|x86 = Debug|x86
		Profile|ARM64 = Profile|ARM64
		Profile|Gaming.Desktop.x64 = Profile|Gaming.Desktop.x64
		Profile|x64 = Profile|x64
		Profile|x86 = Profile|x86
		Release|ARM64 = Release|ARM64
		Release|Gaming.Desktop.x64 = Release|Gaming.Desktop.x64
		Release|x64 = Release|x64
		Release|x86 = Release|x86
	EndGlobalSection
	GlobalSection(ProjectConfigurationPlatforms) = postSolution
		{48DFCB10-19B5-428E-BCD5-A9FC9CBC19DE}.Debug|ARM64.ActiveCfg = Debug|x64
		{48DFCB10-19B5-428E-BCD5-A9FC9CBC19DE}.Debug|ARM64.Build.0 = Debug|x64
		{48DFCB10-19B5-428E-BCD5-A9FC9CBC19DE}.Debug|Gaming.Desktop.x64.ActiveCfg = Debug|x64
		{48DFCB10-19B5-428E-BCD5-A9FC9CBC19DE}.Debug|Gaming.Desktop.x64.Build.0 = Debug|x64
		{48DFCB10-19B5-428E-BCD5-A9FC9CBC19DE}.Debug|x64.ActiveCfg = Debug|x64
		{48DFCB10-19B5-428E-BCD5-A9FC9CBC19DE}.Debug|x64.Build.0 = Debug|x64
		{48DFCB10-19B5-428E-BCD5-A9FC9CBC19DE}.Debug|x86.ActiveCfg = Debug|Win32
		{48DFCB10-19B5-428E-BCD5-A9FC9CBC19DE}.Debug|x86.Build.0 = Debug|Win32
		{48DFCB10-19B5-428E-BCD5-A9FC9CBC19DE}.Profile|ARM64.ActiveCfg = Release|x64
		{48DFCB10-19B5-428E-BCD5-A9FC9CBC19DE}.Profile|ARM64.Build.0 = Release|x64
		{48DFCB10-19B5-428E-BCD5-A9FC9CBC19DE}.Profile|Gaming.Desktop.x64.ActiveCfg = Release|x64
		{48DFCB10-19B5-428E-BCD5-A9FC9CBC19DE}.Profile|Gaming.Desktop.x64.Build.0 = Release|x64
		{48DFCB10-19B5-428E-BCD5-A9FC9CBC19DE}.Profile|x64.ActiveCfg = Release|x64
		{48DFCB10-19B5-428E-BCD5-A9FC9CBC19DE}.Profile|x64.Build.0 = Release|x64
		{48DFCB10-19B5-428E-BCD5-A9FC9CBC19DE}.Profile|x86.ActiveCfg = Release|Win32
		{48DFCB10-19B5-428E-BCD5-A9FC9CBC19DE}.Profile|x86.Build.0 = Release|Win32
		{48DFCB10-19B5-428E-BCD5-A9FC9CBC19DE}.Release|ARM64.ActiveCfg = Release|x64
		{48DFCB10-19B5-428E-BCD5-A9FC9CBC19DE}.Release|ARM64.Build.0 = Release|x64
		{48DFCB10-19B5-428E-BCD5-A9FC9CBC19DE}.Release|Gaming.Desktop.x64.ActiveCfg = Release|x64
		{48DFCB10-19B5-428E-BCD5-A9FC9CBC19DE}.Release|Gaming.Desktop.x64.Build.0 = Release|x64
		{48DFCB10-19B5-428E-BCD5-A9FC9CBC19DE}.Release|x64.ActiveCfg = Release|x64
		{48DFCB10-19B5-428E-BCD5-A9FC9CBC19DE}.Release|x64.Build.0 = Release|x64
		{48DFCB10-19B5-428E-BCD5-A9FC9CBC19DE}.Release|x86.ActiveCfg = Release|Win32
		{48DFCB10-19B5-428E-BCD5-A9FC9CBC19DE}.Release|x86.Build.0 = Release|Win32
		{71D68FED-590C-4C9F-9A12-D2EE29610A31}.Debug|ARM64.ActiveCfg = Debug|x64
		{71D68FED-590C-4C9F-9A12-D2EE29610A31}.Debug|ARM64.Build.0 = Debug|x64
		{71D68FED-590C-4C9F-9A12-D2EE29610A31}.Debug|Gaming.Desktop.x64.ActiveCfg = Debug|x64
		{71D68FED-590C-4C9F-9A12-D2EE29610A31}.Debug|Gaming.Desktop.x64.Build.0 = Debug|x64
		{71D68FED-590C-4C9F-9A12-D2EE29610A31}.Debug|x64.ActiveCfg = Debug|x64
		{71D68FED-590C-4C9F-9A12-D2EE29610A31}.Debug|x64.Build.0 = Debug|x64
		{71D68FED-590C-4C9F-9A12-D2EE29610A31}.Debug|x86.ActiveCfg = Debug|Win32
		{71D68FED-590C-4C9F-9A12-D2EE29610A31}.Debug|x86.Build.0 = Debug|Win32
		{71D68FED-590C-4C9F-9A12-D2EE29610A31}.Profile|ARM64.ActiveCfg = Release|x64
		{71D68FED-590C-4C9F-9A12-D2EE29610A31}.Profile|ARM64.Build.0 = Release|x64
		{71D68FED-590C-4C9F-9A12-D2EE29610A31}.Profile|Gaming.Desktop.x64.ActiveCfg = Release|x64
		{71D68FED-590C-4C9F-9A12-D2EE29610A31}.Profile|Gaming.Desktop.x64.Build.0 = Release|x64
		{71D68FED-590C-4C9F-9A12-D2EE29610A31}.Profile|x64.ActiveCfg = Release|x64
		{71D68FED-590C-4C9F-9A12-D2EE29610A31}.Profile|x64.Build.0 = Release|x64
		{71D68FED-590C-4C9F-9A12-D2EE29610A31}.Profile|x86.ActiveCfg = Release|Win32
		{71D68FED-590C-4C9F-9A12-D2EE29610A31}.Profile|x86.Build.0 = Release|Win32
		{71D68FED-590C-4C9F-9A12-D2EE29610A31}.Release|ARM64.ActiveCfg = Release|x64
		{71D68FED-590C-4C9F-9A12-D2EE29610A31}.Release|ARM64.Build.0 = Release|x64
		{71D68FED-590C-4C9F-9A12-D2EE29610A31}.Release|Gaming.Desktop.x64.ActiveCfg = Release|x64
		{71D68FED-590C-4C9F-9A12-D2EE29610A31}.Release|Gaming.Desktop.x64.Build.0 = Release|x64
		{71D68FED-590C-4C9F-9A12-D2EE29610A31}.Release|x64.ActiveCfg = Release|x64
		{71D68FED-590C-4C9F-9A12-D2EE29610A31}.Release|x64.Build.0 = Release|x64
		{71D68FED-590C-4C9F-9A12-D2EE29610A31}.Release|x86.ActiveCfg = Release|Win32
		{71D68FED-590C-4C9F-9A12-D2EE29610A31}.Release|x86.Build.0 = Release|Win32
		{E0B52AE7-E160-4D32-BF3F-910B785E5A8E}.Debug|ARM64.ActiveCfg = Debug|x64
		{E0B52AE7-E160-4D32-BF3F-910B785E5A8E}.Debug|ARM64.Build.0 = Debug|x64
		{E0B52AE7-E160-4D32-BF3F-910B785E5A8E}.Debug|Gaming.Desktop.x64.ActiveCfg = Debug|x64
		{E0B52AE7-E160-4D32-BF3F-910B785E5A8E}.Debug|Gaming.Desktop.x64.Build.0 = Debug|x64
		{E0B52AE7-E160-4D32-BF3F-910B785E5A8E}.Debug|x64.ActiveCfg = Debug|x64
		{E0B52AE7-E160-4D32-BF3F-910B785E5A8E}.Debug|x64.Build.0 = Debug|x64
		{E0B52AE7-E160-4D32-BF3F-910B785E5A8E}.Debug|x86.ActiveCfg = Debug|Win32
		{E0B52AE7-E160-4D32-BF3F-910B785E5A8E}.Debug|x86.Build.0 = Debug|Win32
		{E0B52AE7-E160-4D32-BF3F-910B785E5A8E}.Profile|ARM64.ActiveCfg = Debug|x64
		{E0B52AE7-E160-4D32-BF3F-910B785E5A8E}.Profile|ARM64.Build.0 = Debug|x64
		{E0B52AE7-E160-4D32-BF3F-910B785E5A8E}.Profile|Gaming.Desktop.x64.ActiveCfg = Debug|x64
		{E0B52AE7-E160-4D32-BF3F-910B785E5A8E}.Profile|Gaming.Desktop.x64.Build.0 = Debug|x64
		{E0B52AE7-E160-4D32-BF3F-910B785E5A8E}.Profile|x64.ActiveCfg = Debug|x64
		{E0B52AE7-E160-4D32-BF3F-910B785E5A8E}.Profile|x64.Build.0 = Debug|x64
		{E0B52AE7-E160-4D32-BF3F-910B785E5A8E}.Profile|x86.ActiveCfg = Debug|Win32
		{E0B52AE7-E160-4D32-BF3F-910B785E5A8E}.Profile|x86.Build.0 = Debug|Win32
		{E0B52AE7-E160-4D32-BF3F-910B785E5A8E}.Release|ARM64.ActiveCfg = Release|x64
		{E0B52AE7-E160-4D32-BF3F-910B785E5A8E}.Release|ARM64.Build.0 = Release|x64
		{E0B52AE7-E160-4D32-BF3F-910B785E5A8E}.Release|Gaming.Desktop.x64.ActiveCfg = Release|x64
		{E0B52AE7-E160-4D32-BF3F-910B785E5A8E}.Release|Gaming.Desktop.x64.Build.0 = Release|x64
		{E0B52AE7-E160-4D32-BF3F-910B785E5A8E}.Release|x64.ActiveCfg = Release|x64
		{E0B52AE7-E160-4D32-BF3F-910B785E5A8E}.Release|x64.Build.0 = Release|x64
		{E0B52AE7-E160-4D32-BF3F-910B785E5A8E}.Release|x86.ActiveCfg = Release|Win32
		{E0B52AE7-E160-4D32-BF3F-910B785E5A8E}.Release|x86.Build.0 = Release|Win32
	EndGlobalSection
	GlobalSection(SolutionProperties) = preSolution
		HideSolutionNode = FALSE
	EndGlobalSection
	GlobalSection(ExtensibilityGlobals) = postSolution
		SolutionGuid = {DEE7897F-09BA-4E55-8EBC-AC8249C7445A}
	EndGlobalSection
EndGlobal
