<?xml version="1.0" encoding="utf-8"?>
<Project ToolsVersion="4.0" xmlns="http://schemas.microsoft.com/developer/msbuild/2003">
  <ItemGroup>
    <Filter Include="Main">
      <UniqueIdentifier>{829cb945-213e-4a90-9dd3-f05fcfd0f0d1}</UniqueIdentifier>
    </Filter>
    <Filter Include="Engine Base">
      <UniqueIdentifier>{4e3d527c-0c63-4b68-9756-7c028f2107bd}</UniqueIdentifier>
    </Filter>
    <Filter Include="Thread">
      <UniqueIdentifier>{dd0c9443-7ea2-4fcc-9e34-e88350acac4b}</UniqueIdentifier>
    </Filter>
    <Filter Include="Utility">
      <UniqueIdentifier>{db01e939-b2ce-4810-a233-9f9e8ac7ffa6}</UniqueIdentifier>
    </Filter>
    <Filter Include="Model">
      <UniqueIdentifier>{4f02d2ba-8c8f-4928-acb9-ee7b6c98fae8}</UniqueIdentifier>
    </Filter>
    <Filter Include="Model\Mesh">
      <UniqueIdentifier>{f7f184f8-99b1-4c52-a477-e0af06106500}</UniqueIdentifier>
    </Filter>
    <Filter Include="Thread\Lock">
      <UniqueIdentifier>{90090306-d1b2-44f3-a0d1-98c6d35b17d1}</UniqueIdentifier>
    </Filter>
    <Filter Include="Resources">
      <UniqueIdentifier>{525e6af6-5a21-4f16-b4e4-b3b90ccb5de8}</UniqueIdentifier>
    </Filter>
  </ItemGroup>
  <ItemGroup>
    <ClInclude Include="CorePch.h">
      <Filter>Main</Filter>
    </ClInclude>
    <ClInclude Include="pch.h">
      <Filter>Main</Filter>
    </ClInclude>
    <ClInclude Include="Types.h">
      <Filter>Main</Filter>
    </ClInclude>
    <ClInclude Include="CoreMacro.h">
      <Filter>Main</Filter>
    </ClInclude>
    <ClInclude Include="EngineBase.h">
      <Filter>Engine Base</Filter>
    </ClInclude>
    <ClInclude Include="ThreadManager.h">
      <Filter>Thread</Filter>
    </ClInclude>
    <ClInclude Include="ThreadInfo.h">
      <Filter>Thread</Filter>
    </ClInclude>
    <ClInclude Include="EngineUtility.h">
      <Filter>Utility</Filter>
    </ClInclude>
    <ClInclude Include="MeshData.h">
      <Filter>Model\Mesh</Filter>
    </ClInclude>
    <ClInclude Include="GeometryGenerator.h">
      <Filter>Model\Mesh</Filter>
    </ClInclude>
    <ClInclude Include="ModelLoader.h">
      <Filter>Model</Filter>
    </ClInclude>
    <ClInclude Include="Lock.h">
      <Filter>Thread\Lock</Filter>
    </ClInclude>
    <ClInclude Include="ResourceManager.h">
      <Filter>Resources</Filter>
    </ClInclude>
  </ItemGroup>
  <ItemGroup>
    <ClCompile Include="pch.cpp">
      <Filter>Main</Filter>
    </ClCompile>
    <ClCompile Include="EngineBase.cpp">
      <Filter>Engine Base</Filter>
    </ClCompile>
    <ClCompile Include="ThreadManager.cpp">
      <Filter>Thread</Filter>
    </ClCompile>
    <ClCompile Include="ThreadInfo.cpp">
      <Filter>Thread</Filter>
    </ClCompile>
    <ClCompile Include="EngineUtility.cpp">
      <Filter>Utility</Filter>
    </ClCompile>
    <ClCompile Include="GeometryGenerator.cpp">
      <Filter>Model\Mesh</Filter>
    </ClCompile>
    <ClCompile Include="ModelLoader.cpp">
      <Filter>Model</Filter>
    </ClCompile>
    <ClCompile Include="Lock.cpp">
      <Filter>Thread\Lock</Filter>
    </ClCompile>
    <ClCompile Include="ResourceManager.cpp">
      <Filter>Resources</Filter>
    </ClCompile>
  </ItemGroup>
</Project>