<?xml version="1.0" encoding="utf-8"?>
<Project ToolsVersion="4.0" xmlns="http://schemas.microsoft.com/developer/msbuild/2003">
  <ItemGroup>
    <Filter Include="Main">
      <UniqueIdentifier>{d86c46e4-5fb7-4aa8-879f-9036ee3bc1eb}</UniqueIdentifier>
    </Filter>
    <Filter Include="Engine">
      <UniqueIdentifier>{2612d789-0c75-4a19-bdcd-a874b3fdde78}</UniqueIdentifier>
    </Filter>
    <Filter Include="Object">
      <UniqueIdentifier>{a679a588-e6bf-4498-90bd-e2439aa53b6b}</UniqueIdentifier>
    </Filter>
    <Filter Include="Object\Camera">
      <UniqueIdentifier>{45f69cef-18ad-4c0f-b52c-6e0cc55b3ae7}</UniqueIdentifier>
    </Filter>
    <Filter Include="Object\Light">
      <UniqueIdentifier>{b1eee522-a7dc-48d4-9a5d-d7a0517411c2}</UniqueIdentifier>
    </Filter>
    <Filter Include="Shader">
      <UniqueIdentifier>{3286944f-1a50-4e85-bed1-d2dc8e370041}</UniqueIdentifier>
    </Filter>
    <Filter Include="Shader\Mesh">
      <UniqueIdentifier>{91d7e455-aee3-48d3-b660-04248220afd9}</UniqueIdentifier>
    </Filter>
    <Filter Include="Material">
      <UniqueIdentifier>{d74c68a1-c40b-4f6f-bf21-5d79b520ccec}</UniqueIdentifier>
    </Filter>
    <Filter Include="Object\Model">
      <UniqueIdentifier>{b6c0d2e0-4bb1-4191-b29c-9c4131aa37aa}</UniqueIdentifier>
    </Filter>
    <Filter Include="Object\Model\Mesh">
      <UniqueIdentifier>{09c29bbf-9da8-49df-8e9d-136a3198e68f}</UniqueIdentifier>
    </Filter>
  </ItemGroup>
  <ItemGroup>
    <ClCompile Include="main.cpp">
      <Filter>Main</Filter>
    </ClCompile>
    <ClCompile Include="pch.cpp">
      <Filter>Main</Filter>
    </ClCompile>
    <ClCompile Include="Engine.cpp">
      <Filter>Engine</Filter>
    </ClCompile>
    <ClCompile Include="Object.cpp">
      <Filter>Object</Filter>
    </ClCompile>
    <ClCompile Include="Light.cpp">
      <Filter>Object\Light</Filter>
    </ClCompile>
    <ClCompile Include="Camera.cpp">
      <Filter>Object\Camera</Filter>
    </ClCompile>
    <ClCompile Include="Model.cpp">
      <Filter>Object\Model</Filter>
    </ClCompile>
  </ItemGroup>
  <ItemGroup>
    <ClInclude Include="pch.h">
      <Filter>Main</Filter>
    </ClInclude>
    <ClInclude Include="Engine.h">
      <Filter>Engine</Filter>
    </ClInclude>
    <ClInclude Include="Object.h">
      <Filter>Object</Filter>
    </ClInclude>
    <ClInclude Include="Material.h">
      <Filter>Material</Filter>
    </ClInclude>
    <ClInclude Include="Light.h">
      <Filter>Object\Light</Filter>
    </ClInclude>
    <ClInclude Include="Camera.h">
      <Filter>Object\Camera</Filter>
    </ClInclude>
    <ClInclude Include="Model.h">
      <Filter>Object\Model</Filter>
    </ClInclude>
    <ClInclude Include="Mesh.h">
      <Filter>Object\Model\Mesh</Filter>
    </ClInclude>
  </ItemGroup>
  <ItemGroup>
    <FxCompile Include="ModelPixelShader.hlsl">
      <Filter>Shader\Mesh</Filter>
    </FxCompile>
    <FxCompile Include="ModelVertexShader.hlsl">
      <Filter>Shader\Mesh</Filter>
    </FxCompile>
    <FxCompile Include="NormalVertexShader.hlsl">
      <Filter>Shader\Mesh</Filter>
    </FxCompile>
    <FxCompile Include="NormalPixelShader.hlsl">
      <Filter>Shader\Mesh</Filter>
    </FxCompile>
  </ItemGroup>
  <ItemGroup>
    <None Include="Common.hlsli">
      <Filter>Shader</Filter>
    </None>
  </ItemGroup>
</Project>